Microsoft Visual Studio Solution File, Format Version 12.00
# Visual Studio Version 17
VisualStudioVersion = 17.5.2.0
MinimumVisualStudioVersion = 10.0.40219.1
Project("{FAE04EC0-301F-11D3-BF4B-00C04F79EFBC}") = "wms_android.api", "wms_android.api.csproj", "{A5C42423-1C56-A150-776A-A13104DFA710}"
EndProject
Project("{FAE04EC0-301F-11D3-BF4B-00C04F79EFBC}") = "wms_android.shared", "..\wms_android.shared\wms_android.shared.csproj", "{8BD1E3DE-FC7D-4C34-8C42-9B843A53FA3E}"
EndProject
Global
	GlobalSection(SolutionConfigurationPlatforms) = preSolution
		Debug|Any CPU = Debug|Any CPU
		Release|Any CPU = Release|Any CPU
	EndGlobalSection
	GlobalSection(ProjectConfigurationPlatforms) = postSolution
		{A5C42423-1C56-A150-776A-A13104DFA710}.Debug|Any CPU.ActiveCfg = Debug|Any CPU
		{A5C42423-1C56-A150-776A-A13104DFA710}.Debug|Any CPU.Build.0 = Debug|Any CPU
		{A5C42423-1C56-A150-776A-A13104DFA710}.Release|Any CPU.ActiveCfg = Release|Any CPU
		{A5C42423-1C56-A150-776A-A13104DFA710}.Release|Any CPU.Build.0 = Release|Any CPU
		{8BD1E3DE-FC7D-4C34-8C42-9B843A53FA3E}.Debug|Any CPU.ActiveCfg = Debug|Any CPU
		{8BD1E3DE-FC7D-4C34-8C42-9B843A53FA3E}.Debug|Any CPU.Build.0 = Debug|Any CPU
		{8BD1E3DE-FC7D-4C34-8C42-9B843A53FA3E}.Release|Any CPU.ActiveCfg = Release|Any CPU
		{8BD1E3DE-FC7D-4C34-8C42-9B843A53FA3E}.Release|Any CPU.Build.0 = Release|Any CPU
	EndGlobalSection
	GlobalSection(SolutionProperties) = preSolution
		HideSolutionNode = FALSE
	EndGlobalSection
	GlobalSection(ExtensibilityGlobals) = postSolution
		SolutionGuid = {3B413BBC-C51B-4CDD-A997-0E4AC4FB301E}
	EndGlobalSection
EndGlobal
